
Microsoft Visual Studio Solution File, Format Version 12.00
# Visual Studio Version 16
VisualStudioVersion = 16.0.31424.327
MinimumVisualStudioVersion = 10.0.40219.1
Project("{FAE04EC0-301F-11D3-BF4B-00C04F79EFBC}") = "ConsoleTestCode_001", "ConsoleTestCode_001.csproj", "{B5DD5A2F-0139-4884-98BB-6DE312822A1A}"
EndProject
Project("{9A19103F-16F7-4668-BE54-9A1E7A4F7556}") = "ConsoleTestCode_002", "..\ConsoleTestCode_002\ConsoleTestCode_002.csproj", "{D2FE3D63-2CAE-49B2-8269-FD2002420776}"
EndProject
Project("{FAE04EC0-301F-11D3-BF4B-00C04F79EFBC}") = "DiagramAlgorithm", "..\DiagramAlgorithm\DiagramAlgorithm.csproj", "{FEAA8D1B-6E14-43B5-939D-C75C70C40309}"
EndProject
Global
	GlobalSection(SolutionConfigurationPlatforms) = preSolution
		Debug|Any CPU = Debug|Any CPU
		Release|Any CPU = Release|Any CPU
	EndGlobalSection
	GlobalSection(ProjectConfigurationPlatforms) = postSolution
		{B5DD5A2F-0139-4884-98BB-6DE312822A1A}.Debug|Any CPU.ActiveCfg = Debug|Any CPU
		{B5DD5A2F-0139-4884-98BB-6DE312822A1A}.Debug|Any CPU.Build.0 = Debug|Any CPU
		{B5DD5A2F-0139-4884-98BB-6DE312822A1A}.Release|Any CPU.ActiveCfg = Release|Any CPU
		{B5DD5A2F-0139-4884-98BB-6DE312822A1A}.Release|Any CPU.Build.0 = Release|Any CPU
		{D2FE3D63-2CAE-49B2-8269-FD2002420776}.Debug|Any CPU.ActiveCfg = Debug|Any CPU
		{D2FE3D63-2CAE-49B2-8269-FD2002420776}.Debug|Any CPU.Build.0 = Debug|Any CPU
		{D2FE3D63-2CAE-49B2-8269-FD2002420776}.Release|Any CPU.ActiveCfg = Release|Any CPU
		{D2FE3D63-2CAE-49B2-8269-FD2002420776}.Release|Any CPU.Build.0 = Release|Any CPU
		{FEAA8D1B-6E14-43B5-939D-C75C70C40309}.Debug|Any CPU.ActiveCfg = Debug|Any CPU
		{FEAA8D1B-6E14-43B5-939D-C75C70C40309}.Debug|Any CPU.Build.0 = Debug|Any CPU
		{FEAA8D1B-6E14-43B5-939D-C75C70C40309}.Release|Any CPU.ActiveCfg = Release|Any CPU
		{FEAA8D1B-6E14-43B5-939D-C75C70C40309}.Release|Any CPU.Build.0 = Release|Any CPU
	EndGlobalSection
	GlobalSection(SolutionProperties) = preSolution
		HideSolutionNode = FALSE
	EndGlobalSection
	GlobalSection(ExtensibilityGlobals) = postSolution
		SolutionGuid = {A7624E6C-9754-4F55-A22F-E37D377F5C28}
	EndGlobalSection
EndGlobal
