
Microsoft Visual Studio Solution File, Format Version 12.00
# Visual Studio Version 16
VisualStudioVersion = 16.0.31729.503
MinimumVisualStudioVersion = 10.0.40219.1
Project("{FAE04EC0-301F-11D3-BF4B-00C04F79EFBC}") = "TP_00", "TP_00\TP_00.csproj", "{5038FE09-0737-48A0-88CD-1115FA16DCF1}"
EndProject
Project("{FAE04EC0-301F-11D3-BF4B-00C04F79EFBC}") = "Charpter01", "Charpter01\Charpter01.csproj", "{DEA4D8ED-94D2-4754-940C-99ACDA27180A}"
EndProject
Global
	GlobalSection(SolutionConfigurationPlatforms) = preSolution
		Debug|Any CPU = Debug|Any CPU
		Release|Any CPU = Release|Any CPU
	EndGlobalSection
	GlobalSection(ProjectConfigurationPlatforms) = postSolution
		{5038FE09-0737-48A0-88CD-1115FA16DCF1}.Debug|Any CPU.ActiveCfg = Debug|Any CPU
		{5038FE09-0737-48A0-88CD-1115FA16DCF1}.Debug|Any CPU.Build.0 = Debug|Any CPU
		{5038FE09-0737-48A0-88CD-1115FA16DCF1}.Release|Any CPU.ActiveCfg = Release|Any CPU
		{5038FE09-0737-48A0-88CD-1115FA16DCF1}.Release|Any CPU.Build.0 = Release|Any CPU
		{DEA4D8ED-94D2-4754-940C-99ACDA27180A}.Debug|Any CPU.ActiveCfg = Debug|Any CPU
		{DEA4D8ED-94D2-4754-940C-99ACDA27180A}.Debug|Any CPU.Build.0 = Debug|Any CPU
		{DEA4D8ED-94D2-4754-940C-99ACDA27180A}.Release|Any CPU.ActiveCfg = Release|Any CPU
		{DEA4D8ED-94D2-4754-940C-99ACDA27180A}.Release|Any CPU.Build.0 = Release|Any CPU
	EndGlobalSection
	GlobalSection(SolutionProperties) = preSolution
		HideSolutionNode = FALSE
	EndGlobalSection
	GlobalSection(ExtensibilityGlobals) = postSolution
		SolutionGuid = {D63E8771-AF59-4242-935B-BD0EAD332CE6}
	EndGlobalSection
EndGlobal
