
Microsoft Visual Studio Solution File, Format Version 12.00
# Visual Studio Version 16
VisualStudioVersion = 16.0.31729.503
MinimumVisualStudioVersion = 10.0.40219.1
Project("{FAE04EC0-301F-11D3-BF4B-00C04F79EFBC}") = "TP_00", "TP_00\TP_00.csproj", "{5038FE09-0737-48A0-88CD-1115FA16DCF1}"
EndProject
Project("{FAE04EC0-301F-11D3-BF4B-00C04F79EFBC}") = "Charpter01", "Charpter01\Charpter01.csproj", "{DEA4D8ED-94D2-4754-940C-99ACDA27180A}"
EndProject
Project("{FAE04EC0-301F-11D3-BF4B-00C04F79EFBC}") = "DA00Forms", "DA00Forms\DA00Forms.csproj", "{313C3BA9-F34A-4F9E-8D7C-C61C1A1E669C}"
EndProject
Project("{FAE04EC0-301F-11D3-BF4B-00C04F79EFBC}") = "Charpter02", "Charpter02\Charpter02.csproj", "{F41E48B1-C245-467C-B610-D8E271601E97}"
EndProject
Project("{FAE04EC0-301F-11D3-BF4B-00C04F79EFBC}") = "Charpter03", "Charpter03\Charpter03.csproj", "{0D9823B4-3D3D-43B4-9E18-E899DB8EF487}"
EndProject
Project("{FAE04EC0-301F-11D3-BF4B-00C04F79EFBC}") = "Charpter04", "Charpter04\Charpter04.csproj", "{01C5CBB6-7327-4873-B312-DAFF5E8C28E1}"
EndProject
Project("{FAE04EC0-301F-11D3-BF4B-00C04F79EFBC}") = "TP_01", "TP_01\TP_01.csproj", "{FC303C6E-8093-4251-B6D3-59012E7ABB72}"
EndProject
Project("{FAE04EC0-301F-11D3-BF4B-00C04F79EFBC}") = "Charpter05", "Charpter05\Charpter05.csproj", "{8CB06CBE-DF61-42A4-8647-727426CA6B07}"
EndProject
Project("{FAE04EC0-301F-11D3-BF4B-00C04F79EFBC}") = "Charpter06", "Charpter06\Charpter06.csproj", "{67C6B470-DD86-4F76-AE0F-5F54B552CCA2}"
EndProject
Project("{FAE04EC0-301F-11D3-BF4B-00C04F79EFBC}") = "Charpter07", "Charpter07\Charpter07.csproj", "{CEA78237-91F6-49B8-A250-30F187032D09}"
EndProject
Global
	GlobalSection(SolutionConfigurationPlatforms) = preSolution
		Debug|Any CPU = Debug|Any CPU
		Release|Any CPU = Release|Any CPU
	EndGlobalSection
	GlobalSection(ProjectConfigurationPlatforms) = postSolution
		{5038FE09-0737-48A0-88CD-1115FA16DCF1}.Debug|Any CPU.ActiveCfg = Debug|Any CPU
		{5038FE09-0737-48A0-88CD-1115FA16DCF1}.Debug|Any CPU.Build.0 = Debug|Any CPU
		{5038FE09-0737-48A0-88CD-1115FA16DCF1}.Release|Any CPU.ActiveCfg = Release|Any CPU
		{5038FE09-0737-48A0-88CD-1115FA16DCF1}.Release|Any CPU.Build.0 = Release|Any CPU
		{DEA4D8ED-94D2-4754-940C-99ACDA27180A}.Debug|Any CPU.ActiveCfg = Debug|Any CPU
		{DEA4D8ED-94D2-4754-940C-99ACDA27180A}.Debug|Any CPU.Build.0 = Debug|Any CPU
		{DEA4D8ED-94D2-4754-940C-99ACDA27180A}.Release|Any CPU.ActiveCfg = Release|Any CPU
		{DEA4D8ED-94D2-4754-940C-99ACDA27180A}.Release|Any CPU.Build.0 = Release|Any CPU
		{313C3BA9-F34A-4F9E-8D7C-C61C1A1E669C}.Debug|Any CPU.ActiveCfg = Debug|Any CPU
		{313C3BA9-F34A-4F9E-8D7C-C61C1A1E669C}.Debug|Any CPU.Build.0 = Debug|Any CPU
		{313C3BA9-F34A-4F9E-8D7C-C61C1A1E669C}.Release|Any CPU.ActiveCfg = Release|Any CPU
		{313C3BA9-F34A-4F9E-8D7C-C61C1A1E669C}.Release|Any CPU.Build.0 = Release|Any CPU
		{F41E48B1-C245-467C-B610-D8E271601E97}.Debug|Any CPU.ActiveCfg = Debug|Any CPU
		{F41E48B1-C245-467C-B610-D8E271601E97}.Debug|Any CPU.Build.0 = Debug|Any CPU
		{F41E48B1-C245-467C-B610-D8E271601E97}.Release|Any CPU.ActiveCfg = Release|Any CPU
		{F41E48B1-C245-467C-B610-D8E271601E97}.Release|Any CPU.Build.0 = Release|Any CPU
		{0D9823B4-3D3D-43B4-9E18-E899DB8EF487}.Debug|Any CPU.ActiveCfg = Debug|Any CPU
		{0D9823B4-3D3D-43B4-9E18-E899DB8EF487}.Debug|Any CPU.Build.0 = Debug|Any CPU
		{0D9823B4-3D3D-43B4-9E18-E899DB8EF487}.Release|Any CPU.ActiveCfg = Release|Any CPU
		{0D9823B4-3D3D-43B4-9E18-E899DB8EF487}.Release|Any CPU.Build.0 = Release|Any CPU
		{01C5CBB6-7327-4873-B312-DAFF5E8C28E1}.Debug|Any CPU.ActiveCfg = Debug|Any CPU
		{01C5CBB6-7327-4873-B312-DAFF5E8C28E1}.Debug|Any CPU.Build.0 = Debug|Any CPU
		{01C5CBB6-7327-4873-B312-DAFF5E8C28E1}.Release|Any CPU.ActiveCfg = Release|Any CPU
		{01C5CBB6-7327-4873-B312-DAFF5E8C28E1}.Release|Any CPU.Build.0 = Release|Any CPU
		{FC303C6E-8093-4251-B6D3-59012E7ABB72}.Debug|Any CPU.ActiveCfg = Debug|Any CPU
		{FC303C6E-8093-4251-B6D3-59012E7ABB72}.Debug|Any CPU.Build.0 = Debug|Any CPU
		{FC303C6E-8093-4251-B6D3-59012E7ABB72}.Release|Any CPU.ActiveCfg = Release|Any CPU
		{FC303C6E-8093-4251-B6D3-59012E7ABB72}.Release|Any CPU.Build.0 = Release|Any CPU
		{8CB06CBE-DF61-42A4-8647-727426CA6B07}.Debug|Any CPU.ActiveCfg = Debug|Any CPU
		{8CB06CBE-DF61-42A4-8647-727426CA6B07}.Debug|Any CPU.Build.0 = Debug|Any CPU
		{8CB06CBE-DF61-42A4-8647-727426CA6B07}.Release|Any CPU.ActiveCfg = Release|Any CPU
		{8CB06CBE-DF61-42A4-8647-727426CA6B07}.Release|Any CPU.Build.0 = Release|Any CPU
		{67C6B470-DD86-4F76-AE0F-5F54B552CCA2}.Debug|Any CPU.ActiveCfg = Debug|Any CPU
		{67C6B470-DD86-4F76-AE0F-5F54B552CCA2}.Debug|Any CPU.Build.0 = Debug|Any CPU
		{67C6B470-DD86-4F76-AE0F-5F54B552CCA2}.Release|Any CPU.ActiveCfg = Release|Any CPU
		{67C6B470-DD86-4F76-AE0F-5F54B552CCA2}.Release|Any CPU.Build.0 = Release|Any CPU
		{CEA78237-91F6-49B8-A250-30F187032D09}.Debug|Any CPU.ActiveCfg = Debug|Any CPU
		{CEA78237-91F6-49B8-A250-30F187032D09}.Debug|Any CPU.Build.0 = Debug|Any CPU
		{CEA78237-91F6-49B8-A250-30F187032D09}.Release|Any CPU.ActiveCfg = Release|Any CPU
		{CEA78237-91F6-49B8-A250-30F187032D09}.Release|Any CPU.Build.0 = Release|Any CPU
	EndGlobalSection
	GlobalSection(SolutionProperties) = preSolution
		HideSolutionNode = FALSE
	EndGlobalSection
	GlobalSection(ExtensibilityGlobals) = postSolution
		SolutionGuid = {D63E8771-AF59-4242-935B-BD0EAD332CE6}
	EndGlobalSection
EndGlobal
