
Microsoft Visual Studio Solution File, Format Version 12.00
# Visual Studio Version 16
VisualStudioVersion = 16.0.31729.503
MinimumVisualStudioVersion = 10.0.40219.1
Project("{FAE04EC0-301F-11D3-BF4B-00C04F79EFBC}") = "TP_01", "TP_01\TP_01.csproj", "{C75ED2E8-0302-46E7-8E76-14C797DC37DC}"
EndProject
Global
	GlobalSection(SolutionConfigurationPlatforms) = preSolution
		Debug|Any CPU = Debug|Any CPU
		Release|Any CPU = Release|Any CPU
	EndGlobalSection
	GlobalSection(ProjectConfigurationPlatforms) = postSolution
		{C75ED2E8-0302-46E7-8E76-14C797DC37DC}.Debug|Any CPU.ActiveCfg = Debug|Any CPU
		{C75ED2E8-0302-46E7-8E76-14C797DC37DC}.Debug|Any CPU.Build.0 = Debug|Any CPU
		{C75ED2E8-0302-46E7-8E76-14C797DC37DC}.Release|Any CPU.ActiveCfg = Release|Any CPU
		{C75ED2E8-0302-46E7-8E76-14C797DC37DC}.Release|Any CPU.Build.0 = Release|Any CPU
	EndGlobalSection
	GlobalSection(SolutionProperties) = preSolution
		HideSolutionNode = FALSE
	EndGlobalSection
	GlobalSection(ExtensibilityGlobals) = postSolution
		SolutionGuid = {D63E8771-AF59-4242-935B-BD0EAD332CE6}
	EndGlobalSection
EndGlobal
