
Microsoft Visual Studio Solution File, Format Version 12.00
# Visual Studio Version 16
VisualStudioVersion = 16.0.29728.190
MinimumVisualStudioVersion = 10.0.40219.1
Project("{9A19103F-16F7-4668-BE54-9A1E7A4F7556}") = "CP01PlatformIntroduce", "CP01PlatformIntroduce\CP01PlatformIntroduce.csproj", "{E6C93995-EFC7-4ADF-B113-82704C3FC6EF}"
EndProject
Project("{9A19103F-16F7-4668-BE54-9A1E7A4F7556}") = "CP02Types", "CP02Types\CP02Types.csproj", "{6CD6D053-4A16-4C95-BDAF-4D03D833367F}"
EndProject
Project("{9A19103F-16F7-4668-BE54-9A1E7A4F7556}") = "CP00Forms", "CP00Forms\CP00Forms.csproj", "{E3DE4D05-8BD7-4888-A597-7A915B4EF9C7}"
EndProject
Project("{FAE04EC0-301F-11D3-BF4B-00C04F79EFBC}") = "CP03Operator", "CP03Operator\CP03Operator.csproj", "{B0594C20-B5C4-46A1-AE2B-FCC581713FC2}"
	ProjectSection(ProjectDependencies) = postProject
		{E3DE4D05-8BD7-4888-A597-7A915B4EF9C7} = {E3DE4D05-8BD7-4888-A597-7A915B4EF9C7}
	EndProjectSection
EndProject
Global
	GlobalSection(SolutionConfigurationPlatforms) = preSolution
		Debug|Any CPU = Debug|Any CPU
		Release|Any CPU = Release|Any CPU
	EndGlobalSection
	GlobalSection(ProjectConfigurationPlatforms) = postSolution
		{E6C93995-EFC7-4ADF-B113-82704C3FC6EF}.Debug|Any CPU.ActiveCfg = Debug|Any CPU
		{E6C93995-EFC7-4ADF-B113-82704C3FC6EF}.Debug|Any CPU.Build.0 = Debug|Any CPU
		{E6C93995-EFC7-4ADF-B113-82704C3FC6EF}.Release|Any CPU.ActiveCfg = Release|Any CPU
		{E6C93995-EFC7-4ADF-B113-82704C3FC6EF}.Release|Any CPU.Build.0 = Release|Any CPU
		{6CD6D053-4A16-4C95-BDAF-4D03D833367F}.Debug|Any CPU.ActiveCfg = Debug|Any CPU
		{6CD6D053-4A16-4C95-BDAF-4D03D833367F}.Debug|Any CPU.Build.0 = Debug|Any CPU
		{6CD6D053-4A16-4C95-BDAF-4D03D833367F}.Release|Any CPU.ActiveCfg = Release|Any CPU
		{6CD6D053-4A16-4C95-BDAF-4D03D833367F}.Release|Any CPU.Build.0 = Release|Any CPU
		{E3DE4D05-8BD7-4888-A597-7A915B4EF9C7}.Debug|Any CPU.ActiveCfg = Debug|Any CPU
		{E3DE4D05-8BD7-4888-A597-7A915B4EF9C7}.Debug|Any CPU.Build.0 = Debug|Any CPU
		{E3DE4D05-8BD7-4888-A597-7A915B4EF9C7}.Release|Any CPU.ActiveCfg = Release|Any CPU
		{E3DE4D05-8BD7-4888-A597-7A915B4EF9C7}.Release|Any CPU.Build.0 = Release|Any CPU
		{B0594C20-B5C4-46A1-AE2B-FCC581713FC2}.Debug|Any CPU.ActiveCfg = Debug|Any CPU
		{B0594C20-B5C4-46A1-AE2B-FCC581713FC2}.Debug|Any CPU.Build.0 = Debug|Any CPU
		{B0594C20-B5C4-46A1-AE2B-FCC581713FC2}.Release|Any CPU.ActiveCfg = Release|Any CPU
		{B0594C20-B5C4-46A1-AE2B-FCC581713FC2}.Release|Any CPU.Build.0 = Release|Any CPU
	EndGlobalSection
	GlobalSection(SolutionProperties) = preSolution
		HideSolutionNode = FALSE
	EndGlobalSection
	GlobalSection(ExtensibilityGlobals) = postSolution
		SolutionGuid = {78BF3EC1-43CE-4ABD-ACE3-CA8B54D3D310}
	EndGlobalSection
EndGlobal
