
Microsoft Visual Studio Solution File, Format Version 12.00
# Visual Studio Version 16
VisualStudioVersion = 16.0.29613.14
MinimumVisualStudioVersion = 10.0.40219.1
Project("{FAE04EC0-301F-11D3-BF4B-00C04F79EFBC}") = "ConsoleAppTest_01", "ConsoleAppTest_01\ConsoleAppTest_01.csproj", "{4DAAC416-2872-44C5-A028-E9176331C058}"
EndProject
Global
	GlobalSection(SolutionConfigurationPlatforms) = preSolution
		Debug|Any CPU = Debug|Any CPU
		Release|Any CPU = Release|Any CPU
	EndGlobalSection
	GlobalSection(ProjectConfigurationPlatforms) = postSolution
		{4DAAC416-2872-44C5-A028-E9176331C058}.Debug|Any CPU.ActiveCfg = Debug|Any CPU
		{4DAAC416-2872-44C5-A028-E9176331C058}.Debug|Any CPU.Build.0 = Debug|Any CPU
		{4DAAC416-2872-44C5-A028-E9176331C058}.Release|Any CPU.ActiveCfg = Release|Any CPU
		{4DAAC416-2872-44C5-A028-E9176331C058}.Release|Any CPU.Build.0 = Release|Any CPU
	EndGlobalSection
	GlobalSection(SolutionProperties) = preSolution
		HideSolutionNode = FALSE
	EndGlobalSection
	GlobalSection(ExtensibilityGlobals) = postSolution
		SolutionGuid = {83C46797-D16E-489E-AEC0-958A6BCB68D2}
	EndGlobalSection
EndGlobal
