
Microsoft Visual Studio Solution File, Format Version 12.00
# Visual Studio Version 16
VisualStudioVersion = 16.0.29613.14
MinimumVisualStudioVersion = 10.0.40219.1
Project("{FAE04EC0-301F-11D3-BF4B-00C04F79EFBC}") = "HelloWorld", "HelloWorld\HelloWorld.csproj", "{45951749-97F2-4489-AF54-1A9F22FB4F53}"
EndProject
Global
	GlobalSection(SolutionConfigurationPlatforms) = preSolution
		Debug|Any CPU = Debug|Any CPU
		Release|Any CPU = Release|Any CPU
	EndGlobalSection
	GlobalSection(ProjectConfigurationPlatforms) = postSolution
		{45951749-97F2-4489-AF54-1A9F22FB4F53}.Debug|Any CPU.ActiveCfg = Debug|Any CPU
		{45951749-97F2-4489-AF54-1A9F22FB4F53}.Debug|Any CPU.Build.0 = Debug|Any CPU
		{45951749-97F2-4489-AF54-1A9F22FB4F53}.Release|Any CPU.ActiveCfg = Release|Any CPU
		{45951749-97F2-4489-AF54-1A9F22FB4F53}.Release|Any CPU.Build.0 = Release|Any CPU
	EndGlobalSection
	GlobalSection(SolutionProperties) = preSolution
		HideSolutionNode = FALSE
	EndGlobalSection
	GlobalSection(ExtensibilityGlobals) = postSolution
		SolutionGuid = {8EB17C78-20BE-41DE-A40A-9A21E78A9F4C}
	EndGlobalSection
EndGlobal
