
Microsoft Visual Studio Solution File, Format Version 12.00
# Visual Studio Version 16
VisualStudioVersion = 16.0.29728.190
MinimumVisualStudioVersion = 10.0.40219.1
Project("{FAE04EC0-301F-11D3-BF4B-00C04F79EFBC}") = "DT01HelloWorld", "DT01HelloWorld\DT01HelloWorld.csproj", "{2F887F6C-7B04-489B-AC27-DBB5A693BD5A}"
EndProject
Global
	GlobalSection(SolutionConfigurationPlatforms) = preSolution
		Debug|Any CPU = Debug|Any CPU
		Release|Any CPU = Release|Any CPU
	EndGlobalSection
	GlobalSection(ProjectConfigurationPlatforms) = postSolution
		{2F887F6C-7B04-489B-AC27-DBB5A693BD5A}.Debug|Any CPU.ActiveCfg = Debug|Any CPU
		{2F887F6C-7B04-489B-AC27-DBB5A693BD5A}.Debug|Any CPU.Build.0 = Debug|Any CPU
		{2F887F6C-7B04-489B-AC27-DBB5A693BD5A}.Release|Any CPU.ActiveCfg = Release|Any CPU
		{2F887F6C-7B04-489B-AC27-DBB5A693BD5A}.Release|Any CPU.Build.0 = Release|Any CPU
	EndGlobalSection
	GlobalSection(SolutionProperties) = preSolution
		HideSolutionNode = FALSE
	EndGlobalSection
	GlobalSection(ExtensibilityGlobals) = postSolution
		SolutionGuid = {56953316-9BF4-4190-B3A3-D9CCA68FDD2C}
	EndGlobalSection
EndGlobal
