
Microsoft Visual Studio Solution File, Format Version 12.00
# Visual Studio Version 16
VisualStudioVersion = 16.0.29613.14
MinimumVisualStudioVersion = 10.0.40219.1
Project("{FAE04EC0-301F-11D3-BF4B-00C04F79EFBC}") = "GithubTest_01", "GithubTest_01\GithubTest_01.csproj", "{EBCD86A8-7D0D-4C12-A0CC-86B97EFB5E5F}"
EndProject
Global
	GlobalSection(SolutionConfigurationPlatforms) = preSolution
		Debug|Any CPU = Debug|Any CPU
		Release|Any CPU = Release|Any CPU
	EndGlobalSection
	GlobalSection(ProjectConfigurationPlatforms) = postSolution
		{EBCD86A8-7D0D-4C12-A0CC-86B97EFB5E5F}.Debug|Any CPU.ActiveCfg = Debug|Any CPU
		{EBCD86A8-7D0D-4C12-A0CC-86B97EFB5E5F}.Debug|Any CPU.Build.0 = Debug|Any CPU
		{EBCD86A8-7D0D-4C12-A0CC-86B97EFB5E5F}.Release|Any CPU.ActiveCfg = Release|Any CPU
		{EBCD86A8-7D0D-4C12-A0CC-86B97EFB5E5F}.Release|Any CPU.Build.0 = Release|Any CPU
	EndGlobalSection
	GlobalSection(SolutionProperties) = preSolution
		HideSolutionNode = FALSE
	EndGlobalSection
	GlobalSection(ExtensibilityGlobals) = postSolution
		SolutionGuid = {063813F5-CD14-4CCD-B496-EDE4D99F238B}
	EndGlobalSection
EndGlobal
